
Microsoft Visual Studio Solution File, Format Version 12.00
# Visual Studio Version 17
VisualStudioVersion = 17.0.31903.59
MinimumVisualStudioVersion = 10.0.40219.1
Project("{2150E333-8FDC-42A3-9474-1A3956D46DE8}") = "DataStructures", "DataStructures", "{A91F3D87-8652-4213-AFF8-973AE19A3C92}"
EndProject
Project("{9A19103F-16F7-4668-BE54-9A1E7A4F7556}") = "Array", "DataStructures\Array\Array.csproj", "{21E98A8F-E85F-41DE-B3C4-F235B0274A07}"
EndProject
Project("{9A19103F-16F7-4668-BE54-9A1E7A4F7556}") = "DisjointSet", "DataStructures\DisjointSet\DisjointSet.csproj", "{E54FE82D-9086-48E8-B363-099A82A032E1}"
EndProject
Project("{9A19103F-16F7-4668-BE54-9A1E7A4F7556}") = "LinkedList", "DataStructures\LinkedList\LinkedList.csproj", "{CF6BB021-0155-4C32-B9D2-E8F535873CF9}"
EndProject
Project("{9A19103F-16F7-4668-BE54-9A1E7A4F7556}") = "List", "DataStructures\List\List.csproj", "{E04227D6-64CC-4154-BC01-56C9196A6CD1}"
EndProject
Project("{9A19103F-16F7-4668-BE54-9A1E7A4F7556}") = "PriorityQueue", "DataStructures\PriorityQueue\PriorityQueue.csproj", "{38658EDD-4469-4FAB-8B01-20A9F5E7A491}"
EndProject
Project("{9A19103F-16F7-4668-BE54-9A1E7A4F7556}") = "Queue", "DataStructures\Queue\Queue.csproj", "{A823F386-2C15-4A26-A2D9-116D393A066A}"
EndProject
Project("{9A19103F-16F7-4668-BE54-9A1E7A4F7556}") = "Stack", "DataStructures\Stack\Stack.csproj", "{56F59FFE-E796-4A70-8148-93B77F0F70D9}"
EndProject
Project("{9A19103F-16F7-4668-BE54-9A1E7A4F7556}") = "Trees", "DataStructures\Trees\Trees.csproj", "{D5427B34-F281-48DD-8FC9-859AF49276BA}"
EndProject
Project("{2150E333-8FDC-42A3-9474-1A3956D46DE8}") = "SortingAlgorithms", "SortingAlgorithms", "{8F0D1F43-6E3F-4E0E-9702-97849B4DFE4A}"
EndProject
Project("{9A19103F-16F7-4668-BE54-9A1E7A4F7556}") = "SortingAlgorithms", "SortingAlgorithms\SortingAlgorithms.csproj", "{012CFCC0-7619-4802-8A5B-43F17ECC6A7C}"
EndProject
Project("{2150E333-8FDC-42A3-9474-1A3956D46DE8}") = "Shared", "Shared", "{035A1A1A-746F-45FD-A6B3-7BF5D73577D3}"
EndProject
Project("{9A19103F-16F7-4668-BE54-9A1E7A4F7556}") = "Utilities", "Shared\Utilities\Utilities.csproj", "{3416BF81-4D87-44C8-AC9E-BA322A1939FB}"
EndProject
Project("{2150E333-8FDC-42A3-9474-1A3956D46DE8}") = "Tests", "Tests", "{D709127C-8E58-4AA4-A695-3604FA21277D}"
EndProject
Project("{9A19103F-16F7-4668-BE54-9A1E7A4F7556}") = "ArrayTests", "Tests\ArrayTests\ArrayTests.csproj", "{44E8D61B-7002-40C2-BC55-E92DC31A8780}"
EndProject
Project("{9A19103F-16F7-4668-BE54-9A1E7A4F7556}") = "ListTests", "Tests\ListTests\ListTests.csproj", "{2E1DA7EA-898B-47A6-A80D-B45939FBBE30}"
EndProject
Project("{9A19103F-16F7-4668-BE54-9A1E7A4F7556}") = "CollectionTests", "Tests\CollectionTests\CollectionTests.csproj", "{F01D2CB3-6439-467D-A5FE-92B999349D8D}"
EndProject
Project("{9A19103F-16F7-4668-BE54-9A1E7A4F7556}") = "TreeTests", "Tests\TreeTests\TreeTests.csproj", "{A927C63D-86D1-4BAF-A9C1-A25552B69529}"
EndProject
Project("{9A19103F-16F7-4668-BE54-9A1E7A4F7556}") = "DisjonitSetTests", "Tests\DisjonitSetTests\DisjonitSetTests.csproj", "{CC4A1CF3-9DDD-4776-AC25-CEF1827C90C5}"
EndProject
Project("{9A19103F-16F7-4668-BE54-9A1E7A4F7556}") = "DoublyLinkedListTest", "Tests\DoublyLinkedListTest\DoublyLinkedListTest.csproj", "{8B54C455-C235-4C10-B41E-E813E321E75C}"
EndProject
Project("{9A19103F-16F7-4668-BE54-9A1E7A4F7556}") = "PriorityQueueTests", "Tests\PriorityQueueTests\PriorityQueueTests.csproj", "{50E17226-136C-4DA3-BC66-7989876DC4D1}"
EndProject
Project("{9A19103F-16F7-4668-BE54-9A1E7A4F7556}") = "QueueTest", "Tests\QueueTest\QueueTest.csproj", "{0E1D7E9B-C8BC-45A6-89C8-2ED7F95FFC22}"
EndProject
Project("{9A19103F-16F7-4668-BE54-9A1E7A4F7556}") = "SinglyLinkedListTests", "Tests\SinglyLinkedListTests\SinglyLinkedListTests.csproj", "{7A695143-5406-4FAE-B2DC-9E8926D65149}"
EndProject
Project("{9A19103F-16F7-4668-BE54-9A1E7A4F7556}") = "SortingAlgorithmsTests", "Tests\SortingAlgorithmTests\SortingAlgorithmsTests.csproj", "{B87AD559-2FDC-4862-BE30-DE6D5AE3ED40}"
EndProject
Project("{9A19103F-16F7-4668-BE54-9A1E7A4F7556}") = "StackTests", "Tests\StackTests\StackTests.csproj", "{2AA6E5E2-874F-4E03-961B-EEA88CDF9472}"
EndProject
Project("{2150E333-8FDC-42A3-9474-1A3956D46DE8}") = "Apps", "Apps", "{F4E09AAB-AF62-4E61-9D53-6AB7C5A4D55A}"
EndProject
Project("{9A19103F-16F7-4668-BE54-9A1E7A4F7556}") = "ArrayConsoleApp", "Apps\ArrayConsoleApp\ArrayConsoleApp.csproj", "{14855B37-6E56-4FE4-93E8-95B3D953FA75}"
EndProject
Project("{9A19103F-16F7-4668-BE54-9A1E7A4F7556}") = "BHeapAppwithProducts", "Apps\BHeapAppwithProducts\BHeapAppwithProducts.csproj", "{A4962CDE-0A98-4B12-AC2A-BD1E9D494D15}"
EndProject
Project("{9A19103F-16F7-4668-BE54-9A1E7A4F7556}") = "BigOWebApp", "Apps\BigOWebApp\BigOWebApp.csproj", "{3455220E-C4EA-4A49-9F2D-11BBF38BBEE8}"
EndProject
Project("{9A19103F-16F7-4668-BE54-9A1E7A4F7556}") = "CollectionConsoleApp", "Apps\CollectionConsoleApp\CollectionConsoleApp.csproj", "{45169A68-2CD6-470F-ADD3-E9E7DB2B1D94}"
EndProject
Project("{9A19103F-16F7-4668-BE54-9A1E7A4F7556}") = "EmployeeApp", "Apps\EmployeeApp\EmployeeApp.csproj", "{BD2DE9B9-4611-4C94-8523-F67590794B1B}"
EndProject
Project("{9A19103F-16F7-4668-BE54-9A1E7A4F7556}") = "LinkedListConsoleApp", "Apps\LinkedListConsoleApp\LinkedListConsoleApp.csproj", "{4CA17B1C-E71F-4B47-A362-6BA391349528}"
EndProject
Project("{9A19103F-16F7-4668-BE54-9A1E7A4F7556}") = "RecursiveApp", "Apps\RecursiveApp\RecursiveApp.csproj", "{9F7A757C-552C-474D-9255-6C7358EF3B88}"
EndProject
Project("{9A19103F-16F7-4668-BE54-9A1E7A4F7556}") = "SortingAlgorithmsApp", "Apps\SortingAlgorithmsApp\SortingAlgorithmsApp.csproj", "{BA209539-682A-4751-95AA-AE4673ED8D0B}"
EndProject
Project("{9A19103F-16F7-4668-BE54-9A1E7A4F7556}") = "Graph", "DataStructures\Graph\Graph.csproj", "{E5A88604-C5E9-4053-83B7-A1A820A542FA}"
EndProject
Project("{9A19103F-16F7-4668-BE54-9A1E7A4F7556}") = "GraphTests", "Tests\GraphTests\GraphTests.csproj", "{CE817AB3-7359-4CEE-B831-FEAD4D38ACFC}"
EndProject
Project("{2150E333-8FDC-42A3-9474-1A3956D46DE8}") = "StacksApp", "StacksApp", "{BE592E3A-C976-402A-9784-AD535AE255AC}"
EndProject
Project("{9A19103F-16F7-4668-BE54-9A1E7A4F7556}") = "Infix-To-Postfix", "Apps\StackApps\Infix-To-Postfix\Infix-To-Postfix.csproj", "{D9E95EFB-B4B6-4329-8D87-3B133C35F19E}"
EndProject
Global
	GlobalSection(SolutionConfigurationPlatforms) = preSolution
		Debug|Any CPU = Debug|Any CPU
		Release|Any CPU = Release|Any CPU
	EndGlobalSection
	GlobalSection(ProjectConfigurationPlatforms) = postSolution
		{21E98A8F-E85F-41DE-B3C4-F235B0274A07}.Debug|Any CPU.ActiveCfg = Debug|Any CPU
		{21E98A8F-E85F-41DE-B3C4-F235B0274A07}.Debug|Any CPU.Build.0 = Debug|Any CPU
		{21E98A8F-E85F-41DE-B3C4-F235B0274A07}.Release|Any CPU.ActiveCfg = Release|Any CPU
		{21E98A8F-E85F-41DE-B3C4-F235B0274A07}.Release|Any CPU.Build.0 = Release|Any CPU
		{E54FE82D-9086-48E8-B363-099A82A032E1}.Debug|Any CPU.ActiveCfg = Debug|Any CPU
		{E54FE82D-9086-48E8-B363-099A82A032E1}.Debug|Any CPU.Build.0 = Debug|Any CPU
		{E54FE82D-9086-48E8-B363-099A82A032E1}.Release|Any CPU.ActiveCfg = Release|Any CPU
		{E54FE82D-9086-48E8-B363-099A82A032E1}.Release|Any CPU.Build.0 = Release|Any CPU
		{CF6BB021-0155-4C32-B9D2-E8F535873CF9}.Debug|Any CPU.ActiveCfg = Debug|Any CPU
		{CF6BB021-0155-4C32-B9D2-E8F535873CF9}.Debug|Any CPU.Build.0 = Debug|Any CPU
		{CF6BB021-0155-4C32-B9D2-E8F535873CF9}.Release|Any CPU.ActiveCfg = Release|Any CPU
		{CF6BB021-0155-4C32-B9D2-E8F535873CF9}.Release|Any CPU.Build.0 = Release|Any CPU
		{E04227D6-64CC-4154-BC01-56C9196A6CD1}.Debug|Any CPU.ActiveCfg = Debug|Any CPU
		{E04227D6-64CC-4154-BC01-56C9196A6CD1}.Debug|Any CPU.Build.0 = Debug|Any CPU
		{E04227D6-64CC-4154-BC01-56C9196A6CD1}.Release|Any CPU.ActiveCfg = Release|Any CPU
		{E04227D6-64CC-4154-BC01-56C9196A6CD1}.Release|Any CPU.Build.0 = Release|Any CPU
		{38658EDD-4469-4FAB-8B01-20A9F5E7A491}.Debug|Any CPU.ActiveCfg = Debug|Any CPU
		{38658EDD-4469-4FAB-8B01-20A9F5E7A491}.Debug|Any CPU.Build.0 = Debug|Any CPU
		{38658EDD-4469-4FAB-8B01-20A9F5E7A491}.Release|Any CPU.ActiveCfg = Release|Any CPU
		{38658EDD-4469-4FAB-8B01-20A9F5E7A491}.Release|Any CPU.Build.0 = Release|Any CPU
		{A823F386-2C15-4A26-A2D9-116D393A066A}.Debug|Any CPU.ActiveCfg = Debug|Any CPU
		{A823F386-2C15-4A26-A2D9-116D393A066A}.Debug|Any CPU.Build.0 = Debug|Any CPU
		{A823F386-2C15-4A26-A2D9-116D393A066A}.Release|Any CPU.ActiveCfg = Release|Any CPU
		{A823F386-2C15-4A26-A2D9-116D393A066A}.Release|Any CPU.Build.0 = Release|Any CPU
		{56F59FFE-E796-4A70-8148-93B77F0F70D9}.Debug|Any CPU.ActiveCfg = Debug|Any CPU
		{56F59FFE-E796-4A70-8148-93B77F0F70D9}.Debug|Any CPU.Build.0 = Debug|Any CPU
		{56F59FFE-E796-4A70-8148-93B77F0F70D9}.Release|Any CPU.ActiveCfg = Release|Any CPU
		{56F59FFE-E796-4A70-8148-93B77F0F70D9}.Release|Any CPU.Build.0 = Release|Any CPU
		{D5427B34-F281-48DD-8FC9-859AF49276BA}.Debug|Any CPU.ActiveCfg = Debug|Any CPU
		{D5427B34-F281-48DD-8FC9-859AF49276BA}.Debug|Any CPU.Build.0 = Debug|Any CPU
		{D5427B34-F281-48DD-8FC9-859AF49276BA}.Release|Any CPU.ActiveCfg = Release|Any CPU
		{D5427B34-F281-48DD-8FC9-859AF49276BA}.Release|Any CPU.Build.0 = Release|Any CPU
		{012CFCC0-7619-4802-8A5B-43F17ECC6A7C}.Debug|Any CPU.ActiveCfg = Debug|Any CPU
		{012CFCC0-7619-4802-8A5B-43F17ECC6A7C}.Debug|Any CPU.Build.0 = Debug|Any CPU
		{012CFCC0-7619-4802-8A5B-43F17ECC6A7C}.Release|Any CPU.ActiveCfg = Release|Any CPU
		{012CFCC0-7619-4802-8A5B-43F17ECC6A7C}.Release|Any CPU.Build.0 = Release|Any CPU
		{3416BF81-4D87-44C8-AC9E-BA322A1939FB}.Debug|Any CPU.ActiveCfg = Debug|Any CPU
		{3416BF81-4D87-44C8-AC9E-BA322A1939FB}.Debug|Any CPU.Build.0 = Debug|Any CPU
		{3416BF81-4D87-44C8-AC9E-BA322A1939FB}.Release|Any CPU.ActiveCfg = Release|Any CPU
		{3416BF81-4D87-44C8-AC9E-BA322A1939FB}.Release|Any CPU.Build.0 = Release|Any CPU
		{44E8D61B-7002-40C2-BC55-E92DC31A8780}.Debug|Any CPU.ActiveCfg = Debug|Any CPU
		{44E8D61B-7002-40C2-BC55-E92DC31A8780}.Debug|Any CPU.Build.0 = Debug|Any CPU
		{44E8D61B-7002-40C2-BC55-E92DC31A8780}.Release|Any CPU.ActiveCfg = Release|Any CPU
		{44E8D61B-7002-40C2-BC55-E92DC31A8780}.Release|Any CPU.Build.0 = Release|Any CPU
		{2E1DA7EA-898B-47A6-A80D-B45939FBBE30}.Debug|Any CPU.ActiveCfg = Debug|Any CPU
		{2E1DA7EA-898B-47A6-A80D-B45939FBBE30}.Debug|Any CPU.Build.0 = Debug|Any CPU
		{2E1DA7EA-898B-47A6-A80D-B45939FBBE30}.Release|Any CPU.ActiveCfg = Release|Any CPU
		{2E1DA7EA-898B-47A6-A80D-B45939FBBE30}.Release|Any CPU.Build.0 = Release|Any CPU
		{F01D2CB3-6439-467D-A5FE-92B999349D8D}.Debug|Any CPU.ActiveCfg = Debug|Any CPU
		{F01D2CB3-6439-467D-A5FE-92B999349D8D}.Debug|Any CPU.Build.0 = Debug|Any CPU
		{F01D2CB3-6439-467D-A5FE-92B999349D8D}.Release|Any CPU.ActiveCfg = Release|Any CPU
		{F01D2CB3-6439-467D-A5FE-92B999349D8D}.Release|Any CPU.Build.0 = Release|Any CPU
		{A927C63D-86D1-4BAF-A9C1-A25552B69529}.Debug|Any CPU.ActiveCfg = Debug|Any CPU
		{A927C63D-86D1-4BAF-A9C1-A25552B69529}.Debug|Any CPU.Build.0 = Debug|Any CPU
		{A927C63D-86D1-4BAF-A9C1-A25552B69529}.Release|Any CPU.ActiveCfg = Release|Any CPU
		{A927C63D-86D1-4BAF-A9C1-A25552B69529}.Release|Any CPU.Build.0 = Release|Any CPU
		{CC4A1CF3-9DDD-4776-AC25-CEF1827C90C5}.Debug|Any CPU.ActiveCfg = Debug|Any CPU
		{CC4A1CF3-9DDD-4776-AC25-CEF1827C90C5}.Debug|Any CPU.Build.0 = Debug|Any CPU
		{CC4A1CF3-9DDD-4776-AC25-CEF1827C90C5}.Release|Any CPU.ActiveCfg = Release|Any CPU
		{CC4A1CF3-9DDD-4776-AC25-CEF1827C90C5}.Release|Any CPU.Build.0 = Release|Any CPU
		{8B54C455-C235-4C10-B41E-E813E321E75C}.Debug|Any CPU.ActiveCfg = Debug|Any CPU
		{8B54C455-C235-4C10-B41E-E813E321E75C}.Debug|Any CPU.Build.0 = Debug|Any CPU
		{8B54C455-C235-4C10-B41E-E813E321E75C}.Release|Any CPU.ActiveCfg = Release|Any CPU
		{8B54C455-C235-4C10-B41E-E813E321E75C}.Release|Any CPU.Build.0 = Release|Any CPU
		{50E17226-136C-4DA3-BC66-7989876DC4D1}.Debug|Any CPU.ActiveCfg = Debug|Any CPU
		{50E17226-136C-4DA3-BC66-7989876DC4D1}.Debug|Any CPU.Build.0 = Debug|Any CPU
		{50E17226-136C-4DA3-BC66-7989876DC4D1}.Release|Any CPU.ActiveCfg = Release|Any CPU
		{50E17226-136C-4DA3-BC66-7989876DC4D1}.Release|Any CPU.Build.0 = Release|Any CPU
		{0E1D7E9B-C8BC-45A6-89C8-2ED7F95FFC22}.Debug|Any CPU.ActiveCfg = Debug|Any CPU
		{0E1D7E9B-C8BC-45A6-89C8-2ED7F95FFC22}.Debug|Any CPU.Build.0 = Debug|Any CPU
		{0E1D7E9B-C8BC-45A6-89C8-2ED7F95FFC22}.Release|Any CPU.ActiveCfg = Release|Any CPU
		{0E1D7E9B-C8BC-45A6-89C8-2ED7F95FFC22}.Release|Any CPU.Build.0 = Release|Any CPU
		{7A695143-5406-4FAE-B2DC-9E8926D65149}.Debug|Any CPU.ActiveCfg = Debug|Any CPU
		{7A695143-5406-4FAE-B2DC-9E8926D65149}.Debug|Any CPU.Build.0 = Debug|Any CPU
		{7A695143-5406-4FAE-B2DC-9E8926D65149}.Release|Any CPU.ActiveCfg = Release|Any CPU
		{7A695143-5406-4FAE-B2DC-9E8926D65149}.Release|Any CPU.Build.0 = Release|Any CPU
		{B87AD559-2FDC-4862-BE30-DE6D5AE3ED40}.Debug|Any CPU.ActiveCfg = Debug|Any CPU
		{B87AD559-2FDC-4862-BE30-DE6D5AE3ED40}.Debug|Any CPU.Build.0 = Debug|Any CPU
		{B87AD559-2FDC-4862-BE30-DE6D5AE3ED40}.Release|Any CPU.ActiveCfg = Release|Any CPU
		{B87AD559-2FDC-4862-BE30-DE6D5AE3ED40}.Release|Any CPU.Build.0 = Release|Any CPU
		{2AA6E5E2-874F-4E03-961B-EEA88CDF9472}.Debug|Any CPU.ActiveCfg = Debug|Any CPU
		{2AA6E5E2-874F-4E03-961B-EEA88CDF9472}.Debug|Any CPU.Build.0 = Debug|Any CPU
		{2AA6E5E2-874F-4E03-961B-EEA88CDF9472}.Release|Any CPU.ActiveCfg = Release|Any CPU
		{2AA6E5E2-874F-4E03-961B-EEA88CDF9472}.Release|Any CPU.Build.0 = Release|Any CPU
		{14855B37-6E56-4FE4-93E8-95B3D953FA75}.Debug|Any CPU.ActiveCfg = Debug|Any CPU
		{14855B37-6E56-4FE4-93E8-95B3D953FA75}.Debug|Any CPU.Build.0 = Debug|Any CPU
		{14855B37-6E56-4FE4-93E8-95B3D953FA75}.Release|Any CPU.ActiveCfg = Release|Any CPU
		{14855B37-6E56-4FE4-93E8-95B3D953FA75}.Release|Any CPU.Build.0 = Release|Any CPU
		{A4962CDE-0A98-4B12-AC2A-BD1E9D494D15}.Debug|Any CPU.ActiveCfg = Debug|Any CPU
		{A4962CDE-0A98-4B12-AC2A-BD1E9D494D15}.Debug|Any CPU.Build.0 = Debug|Any CPU
		{A4962CDE-0A98-4B12-AC2A-BD1E9D494D15}.Release|Any CPU.ActiveCfg = Release|Any CPU
		{A4962CDE-0A98-4B12-AC2A-BD1E9D494D15}.Release|Any CPU.Build.0 = Release|Any CPU
		{3455220E-C4EA-4A49-9F2D-11BBF38BBEE8}.Debug|Any CPU.ActiveCfg = Debug|Any CPU
		{3455220E-C4EA-4A49-9F2D-11BBF38BBEE8}.Debug|Any CPU.Build.0 = Debug|Any CPU
		{3455220E-C4EA-4A49-9F2D-11BBF38BBEE8}.Release|Any CPU.ActiveCfg = Release|Any CPU
		{3455220E-C4EA-4A49-9F2D-11BBF38BBEE8}.Release|Any CPU.Build.0 = Release|Any CPU
		{45169A68-2CD6-470F-ADD3-E9E7DB2B1D94}.Debug|Any CPU.ActiveCfg = Debug|Any CPU
		{45169A68-2CD6-470F-ADD3-E9E7DB2B1D94}.Debug|Any CPU.Build.0 = Debug|Any CPU
		{45169A68-2CD6-470F-ADD3-E9E7DB2B1D94}.Release|Any CPU.ActiveCfg = Release|Any CPU
		{45169A68-2CD6-470F-ADD3-E9E7DB2B1D94}.Release|Any CPU.Build.0 = Release|Any CPU
		{BD2DE9B9-4611-4C94-8523-F67590794B1B}.Debug|Any CPU.ActiveCfg = Debug|Any CPU
		{BD2DE9B9-4611-4C94-8523-F67590794B1B}.Debug|Any CPU.Build.0 = Debug|Any CPU
		{BD2DE9B9-4611-4C94-8523-F67590794B1B}.Release|Any CPU.ActiveCfg = Release|Any CPU
		{BD2DE9B9-4611-4C94-8523-F67590794B1B}.Release|Any CPU.Build.0 = Release|Any CPU
		{4CA17B1C-E71F-4B47-A362-6BA391349528}.Debug|Any CPU.ActiveCfg = Debug|Any CPU
		{4CA17B1C-E71F-4B47-A362-6BA391349528}.Debug|Any CPU.Build.0 = Debug|Any CPU
		{4CA17B1C-E71F-4B47-A362-6BA391349528}.Release|Any CPU.ActiveCfg = Release|Any CPU
		{4CA17B1C-E71F-4B47-A362-6BA391349528}.Release|Any CPU.Build.0 = Release|Any CPU
		{9F7A757C-552C-474D-9255-6C7358EF3B88}.Debug|Any CPU.ActiveCfg = Debug|Any CPU
		{9F7A757C-552C-474D-9255-6C7358EF3B88}.Debug|Any CPU.Build.0 = Debug|Any CPU
		{9F7A757C-552C-474D-9255-6C7358EF3B88}.Release|Any CPU.ActiveCfg = Release|Any CPU
		{9F7A757C-552C-474D-9255-6C7358EF3B88}.Release|Any CPU.Build.0 = Release|Any CPU
		{BA209539-682A-4751-95AA-AE4673ED8D0B}.Debug|Any CPU.ActiveCfg = Debug|Any CPU
		{BA209539-682A-4751-95AA-AE4673ED8D0B}.Debug|Any CPU.Build.0 = Debug|Any CPU
		{BA209539-682A-4751-95AA-AE4673ED8D0B}.Release|Any CPU.ActiveCfg = Release|Any CPU
		{BA209539-682A-4751-95AA-AE4673ED8D0B}.Release|Any CPU.Build.0 = Release|Any CPU
		{E5A88604-C5E9-4053-83B7-A1A820A542FA}.Debug|Any CPU.ActiveCfg = Debug|Any CPU
		{E5A88604-C5E9-4053-83B7-A1A820A542FA}.Debug|Any CPU.Build.0 = Debug|Any CPU
		{E5A88604-C5E9-4053-83B7-A1A820A542FA}.Release|Any CPU.ActiveCfg = Release|Any CPU
		{E5A88604-C5E9-4053-83B7-A1A820A542FA}.Release|Any CPU.Build.0 = Release|Any CPU
		{CE817AB3-7359-4CEE-B831-FEAD4D38ACFC}.Debug|Any CPU.ActiveCfg = Debug|Any CPU
		{CE817AB3-7359-4CEE-B831-FEAD4D38ACFC}.Debug|Any CPU.Build.0 = Debug|Any CPU
		{CE817AB3-7359-4CEE-B831-FEAD4D38ACFC}.Release|Any CPU.ActiveCfg = Release|Any CPU
		{CE817AB3-7359-4CEE-B831-FEAD4D38ACFC}.Release|Any CPU.Build.0 = Release|Any CPU
		{D9E95EFB-B4B6-4329-8D87-3B133C35F19E}.Debug|Any CPU.ActiveCfg = Debug|Any CPU
		{D9E95EFB-B4B6-4329-8D87-3B133C35F19E}.Debug|Any CPU.Build.0 = Debug|Any CPU
		{D9E95EFB-B4B6-4329-8D87-3B133C35F19E}.Release|Any CPU.ActiveCfg = Release|Any CPU
		{D9E95EFB-B4B6-4329-8D87-3B133C35F19E}.Release|Any CPU.Build.0 = Release|Any CPU
	EndGlobalSection
	GlobalSection(SolutionProperties) = preSolution
		HideSolutionNode = FALSE
	EndGlobalSection
	GlobalSection(NestedProjects) = preSolution
		{21E98A8F-E85F-41DE-B3C4-F235B0274A07} = {A91F3D87-8652-4213-AFF8-973AE19A3C92}
		{E54FE82D-9086-48E8-B363-099A82A032E1} = {A91F3D87-8652-4213-AFF8-973AE19A3C92}
		{CF6BB021-0155-4C32-B9D2-E8F535873CF9} = {A91F3D87-8652-4213-AFF8-973AE19A3C92}
		{E04227D6-64CC-4154-BC01-56C9196A6CD1} = {A91F3D87-8652-4213-AFF8-973AE19A3C92}
		{38658EDD-4469-4FAB-8B01-20A9F5E7A491} = {A91F3D87-8652-4213-AFF8-973AE19A3C92}
		{A823F386-2C15-4A26-A2D9-116D393A066A} = {A91F3D87-8652-4213-AFF8-973AE19A3C92}
		{56F59FFE-E796-4A70-8148-93B77F0F70D9} = {A91F3D87-8652-4213-AFF8-973AE19A3C92}
		{D5427B34-F281-48DD-8FC9-859AF49276BA} = {A91F3D87-8652-4213-AFF8-973AE19A3C92}
		{012CFCC0-7619-4802-8A5B-43F17ECC6A7C} = {8F0D1F43-6E3F-4E0E-9702-97849B4DFE4A}
		{3416BF81-4D87-44C8-AC9E-BA322A1939FB} = {035A1A1A-746F-45FD-A6B3-7BF5D73577D3}
		{44E8D61B-7002-40C2-BC55-E92DC31A8780} = {D709127C-8E58-4AA4-A695-3604FA21277D}
		{2E1DA7EA-898B-47A6-A80D-B45939FBBE30} = {D709127C-8E58-4AA4-A695-3604FA21277D}
		{F01D2CB3-6439-467D-A5FE-92B999349D8D} = {D709127C-8E58-4AA4-A695-3604FA21277D}
		{A927C63D-86D1-4BAF-A9C1-A25552B69529} = {D709127C-8E58-4AA4-A695-3604FA21277D}
		{CC4A1CF3-9DDD-4776-AC25-CEF1827C90C5} = {D709127C-8E58-4AA4-A695-3604FA21277D}
		{8B54C455-C235-4C10-B41E-E813E321E75C} = {D709127C-8E58-4AA4-A695-3604FA21277D}
		{50E17226-136C-4DA3-BC66-7989876DC4D1} = {D709127C-8E58-4AA4-A695-3604FA21277D}
		{0E1D7E9B-C8BC-45A6-89C8-2ED7F95FFC22} = {D709127C-8E58-4AA4-A695-3604FA21277D}
		{7A695143-5406-4FAE-B2DC-9E8926D65149} = {D709127C-8E58-4AA4-A695-3604FA21277D}
		{B87AD559-2FDC-4862-BE30-DE6D5AE3ED40} = {D709127C-8E58-4AA4-A695-3604FA21277D}
		{2AA6E5E2-874F-4E03-961B-EEA88CDF9472} = {D709127C-8E58-4AA4-A695-3604FA21277D}
		{14855B37-6E56-4FE4-93E8-95B3D953FA75} = {F4E09AAB-AF62-4E61-9D53-6AB7C5A4D55A}
		{A4962CDE-0A98-4B12-AC2A-BD1E9D494D15} = {F4E09AAB-AF62-4E61-9D53-6AB7C5A4D55A}
		{3455220E-C4EA-4A49-9F2D-11BBF38BBEE8} = {F4E09AAB-AF62-4E61-9D53-6AB7C5A4D55A}
		{45169A68-2CD6-470F-ADD3-E9E7DB2B1D94} = {F4E09AAB-AF62-4E61-9D53-6AB7C5A4D55A}
		{BD2DE9B9-4611-4C94-8523-F67590794B1B} = {F4E09AAB-AF62-4E61-9D53-6AB7C5A4D55A}
		{4CA17B1C-E71F-4B47-A362-6BA391349528} = {F4E09AAB-AF62-4E61-9D53-6AB7C5A4D55A}
		{9F7A757C-552C-474D-9255-6C7358EF3B88} = {F4E09AAB-AF62-4E61-9D53-6AB7C5A4D55A}
		{BA209539-682A-4751-95AA-AE4673ED8D0B} = {F4E09AAB-AF62-4E61-9D53-6AB7C5A4D55A}
		{E5A88604-C5E9-4053-83B7-A1A820A542FA} = {A91F3D87-8652-4213-AFF8-973AE19A3C92}
		{CE817AB3-7359-4CEE-B831-FEAD4D38ACFC} = {D709127C-8E58-4AA4-A695-3604FA21277D}
		{BE592E3A-C976-402A-9784-AD535AE255AC} = {F4E09AAB-AF62-4E61-9D53-6AB7C5A4D55A}
		{D9E95EFB-B4B6-4329-8D87-3B133C35F19E} = {BE592E3A-C976-402A-9784-AD535AE255AC}
	EndGlobalSection
	GlobalSection(ExtensibilityGlobals) = postSolution
		SolutionGuid = {32B496F6-4650-4B06-907F-6DA0D155064E}
	EndGlobalSection
EndGlobal
