
Microsoft Visual Studio Solution File, Format Version 12.00
# Visual Studio Version 17
VisualStudioVersion = 17.1.32210.238
MinimumVisualStudioVersion = 10.0.40219.1
Project("{2150E333-8FDC-42A3-9474-1A3956D46DE8}") = "DataStructures", "DataStructures", "{F5C919E3-B901-4C92-9800-BB6431F320DF}"
EndProject
Project("{2150E333-8FDC-42A3-9474-1A3956D46DE8}") = "Applications", "Applications", "{2320DB0B-9564-476F-8BB4-B6277D0FB7EE}"
EndProject
Project("{2150E333-8FDC-42A3-9474-1A3956D46DE8}") = "Tests", "Tests", "{903B91D7-C62C-4880-873C-6CF67B3FB6DD}"
EndProject
Project("{2150E333-8FDC-42A3-9474-1A3956D46DE8}") = "UIs", "UIs", "{8DE0EC7E-5133-4AC9-866F-EE87102A34B6}"
EndProject
Project("{9A19103F-16F7-4668-BE54-9A1E7A4F7556}") = "ValueAndReferenceTypes", "ValueAndReferenceTypes\ValueAndReferenceTypes.csproj", "{6B3417E6-8453-4564-8946-AEA0263E2011}"
EndProject
Project("{9A19103F-16F7-4668-BE54-9A1E7A4F7556}") = "ValueAndRefTypeApp", "ValueAndRefTypeApp\ValueAndRefTypeApp.csproj", "{8D485335-47E4-4CCD-AD4C-67B29222753C}"
EndProject
Project("{2150E333-8FDC-42A3-9474-1A3956D46DE8}") = "ApplicationsTests", "ApplicationsTests", "{878F617A-8FCB-4EC4-BC04-7771D2041F57}"
EndProject
Project("{9A19103F-16F7-4668-BE54-9A1E7A4F7556}") = "ValueAndRefrenceTypesTests", "ValueAndRefrenceTypesTests\ValueAndRefrenceTypesTests.csproj", "{076DAC46-DC59-4974-8C3F-E80272DC586A}"
EndProject
Project("{9A19103F-16F7-4668-BE54-9A1E7A4F7556}") = "Arrray", "Arrray\Arrray.csproj", "{E3E368D2-BCA6-4456-BE2C-4FCF4216D567}"
EndProject
Project("{9A19103F-16F7-4668-BE54-9A1E7A4F7556}") = "ArrayApp", "ArrayApp\ArrayApp.csproj", "{D022D704-83E4-4113-8C9C-D6B581F0AAFD}"
EndProject
Project("{2150E333-8FDC-42A3-9474-1A3956D46DE8}") = "ArrayTests", "ArrayTests", "{E1DBBC68-E2E4-4F77-AE07-DE9EC04CB1BB}"
EndProject
Project("{9A19103F-16F7-4668-BE54-9A1E7A4F7556}") = "ArrayTests", "ArrayTests\ArrayTests.csproj", "{9DC4B2C7-D967-4E07-9870-26FF2C8AD376}"
EndProject
Project("{2150E333-8FDC-42A3-9474-1A3956D46DE8}") = "DataStructuresTests", "DataStructuresTests", "{C7F6E205-7446-4CCE-83E9-77F92D79FB7C}"
EndProject
Project("{FAE04EC0-301F-11D3-BF4B-00C04F79EFBC}") = "CollectionsTests", "CollectionsTests\CollectionsTests.csproj", "{CA7AFE71-988E-4CC1-AF53-C942923E45F9}"
EndProject
Global
	GlobalSection(SolutionConfigurationPlatforms) = preSolution
		Debug|Any CPU = Debug|Any CPU
		Release|Any CPU = Release|Any CPU
	EndGlobalSection
	GlobalSection(ProjectConfigurationPlatforms) = postSolution
		{6B3417E6-8453-4564-8946-AEA0263E2011}.Debug|Any CPU.ActiveCfg = Debug|Any CPU
		{6B3417E6-8453-4564-8946-AEA0263E2011}.Debug|Any CPU.Build.0 = Debug|Any CPU
		{6B3417E6-8453-4564-8946-AEA0263E2011}.Release|Any CPU.ActiveCfg = Release|Any CPU
		{6B3417E6-8453-4564-8946-AEA0263E2011}.Release|Any CPU.Build.0 = Release|Any CPU
		{8D485335-47E4-4CCD-AD4C-67B29222753C}.Debug|Any CPU.ActiveCfg = Debug|Any CPU
		{8D485335-47E4-4CCD-AD4C-67B29222753C}.Debug|Any CPU.Build.0 = Debug|Any CPU
		{8D485335-47E4-4CCD-AD4C-67B29222753C}.Release|Any CPU.ActiveCfg = Release|Any CPU
		{8D485335-47E4-4CCD-AD4C-67B29222753C}.Release|Any CPU.Build.0 = Release|Any CPU
		{076DAC46-DC59-4974-8C3F-E80272DC586A}.Debug|Any CPU.ActiveCfg = Debug|Any CPU
		{076DAC46-DC59-4974-8C3F-E80272DC586A}.Debug|Any CPU.Build.0 = Debug|Any CPU
		{076DAC46-DC59-4974-8C3F-E80272DC586A}.Release|Any CPU.ActiveCfg = Release|Any CPU
		{076DAC46-DC59-4974-8C3F-E80272DC586A}.Release|Any CPU.Build.0 = Release|Any CPU
		{E3E368D2-BCA6-4456-BE2C-4FCF4216D567}.Debug|Any CPU.ActiveCfg = Debug|Any CPU
		{E3E368D2-BCA6-4456-BE2C-4FCF4216D567}.Debug|Any CPU.Build.0 = Debug|Any CPU
		{E3E368D2-BCA6-4456-BE2C-4FCF4216D567}.Release|Any CPU.ActiveCfg = Release|Any CPU
		{E3E368D2-BCA6-4456-BE2C-4FCF4216D567}.Release|Any CPU.Build.0 = Release|Any CPU
		{D022D704-83E4-4113-8C9C-D6B581F0AAFD}.Debug|Any CPU.ActiveCfg = Debug|Any CPU
		{D022D704-83E4-4113-8C9C-D6B581F0AAFD}.Debug|Any CPU.Build.0 = Debug|Any CPU
		{D022D704-83E4-4113-8C9C-D6B581F0AAFD}.Release|Any CPU.ActiveCfg = Release|Any CPU
		{D022D704-83E4-4113-8C9C-D6B581F0AAFD}.Release|Any CPU.Build.0 = Release|Any CPU
		{9DC4B2C7-D967-4E07-9870-26FF2C8AD376}.Debug|Any CPU.ActiveCfg = Debug|Any CPU
		{9DC4B2C7-D967-4E07-9870-26FF2C8AD376}.Debug|Any CPU.Build.0 = Debug|Any CPU
		{9DC4B2C7-D967-4E07-9870-26FF2C8AD376}.Release|Any CPU.ActiveCfg = Release|Any CPU
		{9DC4B2C7-D967-4E07-9870-26FF2C8AD376}.Release|Any CPU.Build.0 = Release|Any CPU
		{CA7AFE71-988E-4CC1-AF53-C942923E45F9}.Debug|Any CPU.ActiveCfg = Debug|Any CPU
		{CA7AFE71-988E-4CC1-AF53-C942923E45F9}.Debug|Any CPU.Build.0 = Debug|Any CPU
		{CA7AFE71-988E-4CC1-AF53-C942923E45F9}.Release|Any CPU.ActiveCfg = Release|Any CPU
		{CA7AFE71-988E-4CC1-AF53-C942923E45F9}.Release|Any CPU.Build.0 = Release|Any CPU
	EndGlobalSection
	GlobalSection(SolutionProperties) = preSolution
		HideSolutionNode = FALSE
	EndGlobalSection
	GlobalSection(NestedProjects) = preSolution
		{6B3417E6-8453-4564-8946-AEA0263E2011} = {2320DB0B-9564-476F-8BB4-B6277D0FB7EE}
		{8D485335-47E4-4CCD-AD4C-67B29222753C} = {8DE0EC7E-5133-4AC9-866F-EE87102A34B6}
		{878F617A-8FCB-4EC4-BC04-7771D2041F57} = {903B91D7-C62C-4880-873C-6CF67B3FB6DD}
		{076DAC46-DC59-4974-8C3F-E80272DC586A} = {878F617A-8FCB-4EC4-BC04-7771D2041F57}
		{E3E368D2-BCA6-4456-BE2C-4FCF4216D567} = {F5C919E3-B901-4C92-9800-BB6431F320DF}
		{D022D704-83E4-4113-8C9C-D6B581F0AAFD} = {8DE0EC7E-5133-4AC9-866F-EE87102A34B6}
		{E1DBBC68-E2E4-4F77-AE07-DE9EC04CB1BB} = {C7F6E205-7446-4CCE-83E9-77F92D79FB7C}
		{9DC4B2C7-D967-4E07-9870-26FF2C8AD376} = {E1DBBC68-E2E4-4F77-AE07-DE9EC04CB1BB}
		{C7F6E205-7446-4CCE-83E9-77F92D79FB7C} = {903B91D7-C62C-4880-873C-6CF67B3FB6DD}
		{CA7AFE71-988E-4CC1-AF53-C942923E45F9} = {878F617A-8FCB-4EC4-BC04-7771D2041F57}
	EndGlobalSection
	GlobalSection(ExtensibilityGlobals) = postSolution
		SolutionGuid = {228B10E9-C319-4DC0-A77D-321B76C3B424}
	EndGlobalSection
EndGlobal
